// !$*UTF8*$!
{
	archiveVersion = 1;
	classes = {
	};
	objectVersion = 50;
	objects = {

/* Begin PBXBuildFile section */
		5E097AE52508341C00303A47 /* win.wav in Resources */ = {isa = PBXBuildFile; fileRef = 5E097AE02508341B00303A47 /* win.wav */; };
		5E097AE62508341C00303A47 /* lose.wav in Resources */ = {isa = PBXBuildFile; fileRef = 5E097AE12508341B00303A47 /* lose.wav */; };
		5E097AE72508341C00303A47 /* hitCat.wav in Resources */ = {isa = PBXBuildFile; fileRef = 5E097AE22508341B00303A47 /* hitCat.wav */; };
		5E097AE82508341C00303A47 /* hitCatLady.wav in Resources */ = {isa = PBXBuildFile; fileRef = 5E097AE32508341B00303A47 /* hitCatLady.wav */; };
		5E097AE92508341C00303A47 /* backgroundMusic.mp3 in Resources */ = {isa = PBXBuildFile; fileRef = 5E097AE42508341B00303A47 /* backgroundMusic.mp3 */; };
		5E1F48E724FF42B6009A42FF /* AppDelegate.swift in Sources */ = {isa = PBXBuildFile; fileRef = 5E1F48E624FF42B6009A42FF /* AppDelegate.swift */; };
		5E1F48ED24FF42B6009A42FF /* GameScene.swift in Sources */ = {isa = PBXBuildFile; fileRef = 5E1F48EC24FF42B6009A42FF /* GameScene.swift */; };
		5E1F48EF24FF42B6009A42FF /* GameViewController.swift in Sources */ = {isa = PBXBuildFile; fileRef = 5E1F48EE24FF42B6009A42FF /* GameViewController.swift */; };
		5E1F48F224FF42B6009A42FF /* Main.storyboard in Resources */ = {isa = PBXBuildFile; fileRef = 5E1F48F024FF42B6009A42FF /* Main.storyboard */; };
		5E1F48F424FF42BE009A42FF /* Assets.xcassets in Resources */ = {isa = PBXBuildFile; fileRef = 5E1F48F324FF42BE009A42FF /* Assets.xcassets */; };
		5E1F48F724FF42BE009A42FF /* LaunchScreen.storyboard in Resources */ = {isa = PBXBuildFile; fileRef = 5E1F48F524FF42BE009A42FF /* LaunchScreen.storyboard */; };
		5E1F490125033978009A42FF /* MyUtils.swift in Sources */ = {isa = PBXBuildFile; fileRef = 5E1F490025033978009A42FF /* MyUtils.swift */; };
		5EAA0FFF252084CF00B57749 /* GameOverScene.swift in Sources */ = {isa = PBXBuildFile; fileRef = 5EAA0FFE252084CF00B57749 /* GameOverScene.swift */; };
		5EAA100225208BFE00B57749 /* MainMenuScene.swift in Sources */ = {isa = PBXBuildFile; fileRef = 5EAA100125208BFE00B57749 /* MainMenuScene.swift */; };
/* End PBXBuildFile section */

/* Begin PBXFileReference section */
		5E097AE02508341B00303A47 /* win.wav */ = {isa = PBXFileReference; lastKnownFileType = audio.wav; path = win.wav; sourceTree = "<group>"; };
		5E097AE12508341B00303A47 /* lose.wav */ = {isa = PBXFileReference; lastKnownFileType = audio.wav; path = lose.wav; sourceTree = "<group>"; };
		5E097AE22508341B00303A47 /* hitCat.wav */ = {isa = PBXFileReference; lastKnownFileType = audio.wav; path = hitCat.wav; sourceTree = "<group>"; };
		5E097AE32508341B00303A47 /* hitCatLady.wav */ = {isa = PBXFileReference; lastKnownFileType = audio.wav; path = hitCatLady.wav; sourceTree = "<group>"; };
		5E097AE42508341B00303A47 /* backgroundMusic.mp3 */ = {isa = PBXFileReference; lastKnownFileType = audio.mp3; path = backgroundMusic.mp3; sourceTree = "<group>"; };
		5E1F48E324FF42B6009A42FF /* ZombieConga.app */ = {isa = PBXFileReference; explicitFileType = wrapper.application; includeInIndex = 0; path = ZombieConga.app; sourceTree = BUILT_PRODUCTS_DIR; };
		5E1F48E624FF42B6009A42FF /* AppDelegate.swift */ = {isa = PBXFileReference; lastKnownFileType = sourcecode.swift; path = AppDelegate.swift; sourceTree = "<group>"; };
		5E1F48EC24FF42B6009A42FF /* GameScene.swift */ = {isa = PBXFileReference; lastKnownFileType = sourcecode.swift; path = GameScene.swift; sourceTree = "<group>"; };
		5E1F48EE24FF42B6009A42FF /* GameViewController.swift */ = {isa = PBXFileReference; lastKnownFileType = sourcecode.swift; path = GameViewController.swift; sourceTree = "<group>"; };
		5E1F48F124FF42B6009A42FF /* Base */ = {isa = PBXFileReference; lastKnownFileType = file.storyboard; name = Base; path = Base.lproj/Main.storyboard; sourceTree = "<group>"; };
		5E1F48F324FF42BE009A42FF /* Assets.xcassets */ = {isa = PBXFileReference; lastKnownFileType = folder.assetcatalog; path = Assets.xcassets; sourceTree = "<group>"; };
		5E1F48F624FF42BE009A42FF /* Base */ = {isa = PBXFileReference; lastKnownFileType = file.storyboard; name = Base; path = Base.lproj/LaunchScreen.storyboard; sourceTree = "<group>"; };
		5E1F48F824FF42BE009A42FF /* Info.plist */ = {isa = PBXFileReference; lastKnownFileType = text.plist.xml; path = Info.plist; sourceTree = "<group>"; };
		5E1F490025033978009A42FF /* MyUtils.swift */ = {isa = PBXFileReference; lastKnownFileType = sourcecode.swift; path = MyUtils.swift; sourceTree = "<group>"; };
		5EAA0FFE252084CF00B57749 /* GameOverScene.swift */ = {isa = PBXFileReference; lastKnownFileType = sourcecode.swift; path = GameOverScene.swift; sourceTree = "<group>"; };
		5EAA100125208BFE00B57749 /* MainMenuScene.swift */ = {isa = PBXFileReference; lastKnownFileType = sourcecode.swift; path = MainMenuScene.swift; sourceTree = "<group>"; };
/* End PBXFileReference section */

/* Begin PBXFrameworksBuildPhase section */
		5E1F48E024FF42B6009A42FF /* Frameworks */ = {
			isa = PBXFrameworksBuildPhase;
			buildActionMask = 2147483647;
			files = (
			);
			runOnlyForDeploymentPostprocessing = 0;
		};
/* End PBXFrameworksBuildPhase section */

/* Begin PBXGroup section */
		5E097ADF2508341B00303A47 /* Sounds */ = {
			isa = PBXGroup;
			children = (
				5E097AE02508341B00303A47 /* win.wav */,
				5E097AE12508341B00303A47 /* lose.wav */,
				5E097AE22508341B00303A47 /* hitCat.wav */,
				5E097AE32508341B00303A47 /* hitCatLady.wav */,
				5E097AE42508341B00303A47 /* backgroundMusic.mp3 */,
			);
			path = Sounds;
			sourceTree = "<group>";
		};
		5E1F48DA24FF42B6009A42FF = {
			isa = PBXGroup;
			children = (
				5E1F48E524FF42B6009A42FF /* ZombieConga */,
				5E1F48E424FF42B6009A42FF /* Products */,
			);
			sourceTree = "<group>";
		};
		5E1F48E424FF42B6009A42FF /* Products */ = {
			isa = PBXGroup;
			children = (
				5E1F48E324FF42B6009A42FF /* ZombieConga.app */,
			);
			name = Products;
			sourceTree = "<group>";
		};
		5E1F48E524FF42B6009A42FF /* ZombieConga */ = {
			isa = PBXGroup;
			children = (
				5EAA1007252090C500B57749 /* Views */,
				5EAA1006252090B200B57749 /* View Controllers */,
				5EAA1009252090DB00B57749 /* Utilities */,
				5E1F48FF24FF4333009A42FF /* Resources */,
			);
			path = ZombieConga;
			sourceTree = "<group>";
		};
		5E1F48FE24FF4324009A42FF /* Storyboards */ = {
			isa = PBXGroup;
			children = (
				5E1F48F024FF42B6009A42FF /* Main.storyboard */,
				5E1F48F524FF42BE009A42FF /* LaunchScreen.storyboard */,
			);
			path = Storyboards;
			sourceTree = "<group>";
		};
		5E1F48FF24FF4333009A42FF /* Resources */ = {
			isa = PBXGroup;
			children = (
				5E097ADF2508341B00303A47 /* Sounds */,
				5E1F48F324FF42BE009A42FF /* Assets.xcassets */,
				5E1F48F824FF42BE009A42FF /* Info.plist */,
				5E1F48E624FF42B6009A42FF /* AppDelegate.swift */,
			);
			name = Resources;
			sourceTree = "<group>";
		};
		5EAA1005252090A400B57749 /* Scenes */ = {
			isa = PBXGroup;
			children = (
				5E1F48EC24FF42B6009A42FF /* GameScene.swift */,
				5EAA0FFE252084CF00B57749 /* GameOverScene.swift */,
				5EAA100125208BFE00B57749 /* MainMenuScene.swift */,
			);
			path = Scenes;
			sourceTree = "<group>";
		};
		5EAA1006252090B200B57749 /* View Controllers */ = {
			isa = PBXGroup;
			children = (
				5E1F48EE24FF42B6009A42FF /* GameViewController.swift */,
			);
			path = "View Controllers";
			sourceTree = "<group>";
		};
		5EAA1007252090C500B57749 /* Views */ = {
			isa = PBXGroup;
			children = (
				5EAA1005252090A400B57749 /* Scenes */,
				5E1F48FE24FF4324009A42FF /* Storyboards */,
			);
			path = Views;
			sourceTree = "<group>";
		};
		5EAA1009252090DB00B57749 /* Utilities */ = {
			isa = PBXGroup;
			children = (
				5E1F490025033978009A42FF /* MyUtils.swift */,
			);
			path = Utilities;
			sourceTree = "<group>";
		};
/* End PBXGroup section */

/* Begin PBXNativeTarget section */
		5E1F48E224FF42B6009A42FF /* ZombieConga */ = {
			isa = PBXNativeTarget;
			buildConfigurationList = 5E1F48FB24FF42BE009A42FF /* Build configuration list for PBXNativeTarget "ZombieConga" */;
			buildPhases = (
				5E1F48DF24FF42B6009A42FF /* Sources */,
				5E1F48E024FF42B6009A42FF /* Frameworks */,
				5E1F48E124FF42B6009A42FF /* Resources */,
			);
			buildRules = (
			);
			dependencies = (
			);
			name = ZombieConga;
			productName = ZombieConga;
			productReference = 5E1F48E324FF42B6009A42FF /* ZombieConga.app */;
			productType = "com.apple.product-type.application";
		};
/* End PBXNativeTarget section */

/* Begin PBXProject section */
		5E1F48DB24FF42B6009A42FF /* Project object */ = {
			isa = PBXProject;
			attributes = {
				LastSwiftUpdateCheck = 1160;
				LastUpgradeCheck = 1160;
				ORGANIZATIONNAME = "Cody Morley";
				TargetAttributes = {
					5E1F48E224FF42B6009A42FF = {
						CreatedOnToolsVersion = 11.6;
					};
				};
			};
			buildConfigurationList = 5E1F48DE24FF42B6009A42FF /* Build configuration list for PBXProject "ZombieConga" */;
			compatibilityVersion = "Xcode 9.3";
			developmentRegion = en;
			hasScannedForEncodings = 0;
			knownRegions = (
				en,
				Base,
			);
			mainGroup = 5E1F48DA24FF42B6009A42FF;
			productRefGroup = 5E1F48E424FF42B6009A42FF /* Products */;
			projectDirPath = "";
			projectRoot = "";
			targets = (
				5E1F48E224FF42B6009A42FF /* ZombieConga */,
			);
		};
/* End PBXProject section */

/* Begin PBXResourcesBuildPhase section */
		5E1F48E124FF42B6009A42FF /* Resources */ = {
			isa = PBXResourcesBuildPhase;
			buildActionMask = 2147483647;
			files = (
				5E097AE62508341C00303A47 /* lose.wav in Resources */,
				5E1F48F224FF42B6009A42FF /* Main.storyboard in Resources */,
				5E097AE92508341C00303A47 /* backgroundMusic.mp3 in Resources */,
				5E097AE52508341C00303A47 /* win.wav in Resources */,
				5E097AE72508341C00303A47 /* hitCat.wav in Resources */,
				5E1F48F424FF42BE009A42FF /* Assets.xcassets in Resources */,
				5E097AE82508341C00303A47 /* hitCatLady.wav in Resources */,
				5E1F48F724FF42BE009A42FF /* LaunchScreen.storyboard in Resources */,
			);
			runOnlyForDeploymentPostprocessing = 0;
		};
/* End PBXResourcesBuildPhase section */

/* Begin PBXSourcesBuildPhase section */
		5E1F48DF24FF42B6009A42FF /* Sources */ = {
			isa = PBXSourcesBuildPhase;
			buildActionMask = 2147483647;
			files = (
				5EAA100225208BFE00B57749 /* MainMenuScene.swift in Sources */,
				5EAA0FFF252084CF00B57749 /* GameOverScene.swift in Sources */,
				5E1F48ED24FF42B6009A42FF /* GameScene.swift in Sources */,
				5E1F48EF24FF42B6009A42FF /* GameViewController.swift in Sources */,
				5E1F48E724FF42B6009A42FF /* AppDelegate.swift in Sources */,
				5E1F490125033978009A42FF /* MyUtils.swift in Sources */,
			);
			runOnlyForDeploymentPostprocessing = 0;
		};
/* End PBXSourcesBuildPhase section */

/* Begin PBXVariantGroup section */
		5E1F48F024FF42B6009A42FF /* Main.storyboard */ = {
			isa = PBXVariantGroup;
			children = (
				5E1F48F124FF42B6009A42FF /* Base */,
			);
			name = Main.storyboard;
			sourceTree = "<group>";
		};
		5E1F48F524FF42BE009A42FF /* LaunchScreen.storyboard */ = {
			isa = PBXVariantGroup;
			children = (
				5E1F48F624FF42BE009A42FF /* Base */,
			);
			name = LaunchScreen.storyboard;
			sourceTree = "<group>";
		};
/* End PBXVariantGroup section */

/* Begin XCBuildConfiguration section */
		5E1F48F924FF42BE009A42FF /* Debug */ = {
			isa = XCBuildConfiguration;
			buildSettings = {
				ALWAYS_SEARCH_USER_PATHS = NO;
				CLANG_ANALYZER_NONNULL = YES;
				CLANG_ANALYZER_NUMBER_OBJECT_CONVERSION = YES_AGGRESSIVE;
				CLANG_CXX_LANGUAGE_STANDARD = "gnu++14";
				CLANG_CXX_LIBRARY = "libc++";
				CLANG_ENABLE_MODULES = YES;
				CLANG_ENABLE_OBJC_ARC = YES;
				CLANG_ENABLE_OBJC_WEAK = YES;
				CLANG_WARN_BLOCK_CAPTURE_AUTORELEASING = YES;
				CLANG_WARN_BOOL_CONVERSION = YES;
				CLANG_WARN_COMMA = YES;
				CLANG_WARN_CONSTANT_CONVERSION = YES;
				CLANG_WARN_DEPRECATED_OBJC_IMPLEMENTATIONS = YES;
				CLANG_WARN_DIRECT_OBJC_ISA_USAGE = YES_ERROR;
				CLANG_WARN_DOCUMENTATION_COMMENTS = YES;
				CLANG_WARN_EMPTY_BODY = YES;
				CLANG_WARN_ENUM_CONVERSION = YES;
				CLANG_WARN_INFINITE_RECURSION = YES;
				CLANG_WARN_INT_CONVERSION = YES;
				CLANG_WARN_NON_LITERAL_NULL_CONVERSION = YES;
				CLANG_WARN_OBJC_IMPLICIT_RETAIN_SELF = YES;
				CLANG_WARN_OBJC_LITERAL_CONVERSION = YES;
				CLANG_WARN_OBJC_ROOT_CLASS = YES_ERROR;
				CLANG_WARN_RANGE_LOOP_ANALYSIS = YES;
				CLANG_WARN_STRICT_PROTOTYPES = YES;
				CLANG_WARN_SUSPICIOUS_MOVE = YES;
				CLANG_WARN_UNGUARDED_AVAILABILITY = YES_AGGRESSIVE;
				CLANG_WARN_UNREACHABLE_CODE = YES;
				CLANG_WARN__DUPLICATE_METHOD_MATCH = YES;
				COPY_PHASE_STRIP = NO;
				DEBUG_INFORMATION_FORMAT = dwarf;
				ENABLE_STRICT_OBJC_MSGSEND = YES;
				ENABLE_TESTABILITY = YES;
				GCC_C_LANGUAGE_STANDARD = gnu11;
				GCC_DYNAMIC_NO_PIC = NO;
				GCC_NO_COMMON_BLOCKS = YES;
				GCC_OPTIMIZATION_LEVEL = 0;
				GCC_PREPROCESSOR_DEFINITIONS = (
					"DEBUG=1",
					"$(inherited)",
				);
				GCC_WARN_64_TO_32_BIT_CONVERSION = YES;
				GCC_WARN_ABOUT_RETURN_TYPE = YES_ERROR;
				GCC_WARN_UNDECLARED_SELECTOR = YES;
				GCC_WARN_UNINITIALIZED_AUTOS = YES_AGGRESSIVE;
				GCC_WARN_UNUSED_FUNCTION = YES;
				GCC_WARN_UNUSED_VARIABLE = YES;
				IPHONEOS_DEPLOYMENT_TARGET = 13.6;
				MTL_ENABLE_DEBUG_INFO = INCLUDE_SOURCE;
				MTL_FAST_MATH = YES;
				ONLY_ACTIVE_ARCH = YES;
				SDKROOT = iphoneos;
				SWIFT_ACTIVE_COMPILATION_CONDITIONS = DEBUG;
				SWIFT_OPTIMIZATION_LEVEL = "-Onone";
			};
			name = Debug;
		};
		5E1F48FA24FF42BE009A42FF /* Release */ = {
			isa = XCBuildConfiguration;
			buildSettings = {
				ALWAYS_SEARCH_USER_PATHS = NO;
				CLANG_ANALYZER_NONNULL = YES;
				CLANG_ANALYZER_NUMBER_OBJECT_CONVERSION = YES_AGGRESSIVE;
				CLANG_CXX_LANGUAGE_STANDARD = "gnu++14";
				CLANG_CXX_LIBRARY = "libc++";
				CLANG_ENABLE_MODULES = YES;
				CLANG_ENABLE_OBJC_ARC = YES;
				CLANG_ENABLE_OBJC_WEAK = YES;
				CLANG_WARN_BLOCK_CAPTURE_AUTORELEASING = YES;
				CLANG_WARN_BOOL_CONVERSION = YES;
				CLANG_WARN_COMMA = YES;
				CLANG_WARN_CONSTANT_CONVERSION = YES;
				CLANG_WARN_DEPRECATED_OBJC_IMPLEMENTATIONS = YES;
				CLANG_WARN_DIRECT_OBJC_ISA_USAGE = YES_ERROR;
				CLANG_WARN_DOCUMENTATION_COMMENTS = YES;
				CLANG_WARN_EMPTY_BODY = YES;
				CLANG_WARN_ENUM_CONVERSION = YES;
				CLANG_WARN_INFINITE_RECURSION = YES;
				CLANG_WARN_INT_CONVERSION = YES;
				CLANG_WARN_NON_LITERAL_NULL_CONVERSION = YES;
				CLANG_WARN_OBJC_IMPLICIT_RETAIN_SELF = YES;
				CLANG_WARN_OBJC_LITERAL_CONVERSION = YES;
				CLANG_WARN_OBJC_ROOT_CLASS = YES_ERROR;
				CLANG_WARN_RANGE_LOOP_ANALYSIS = YES;
				CLANG_WARN_STRICT_PROTOTYPES = YES;
				CLANG_WARN_SUSPICIOUS_MOVE = YES;
				CLANG_WARN_UNGUARDED_AVAILABILITY = YES_AGGRESSIVE;
				CLANG_WARN_UNREACHABLE_CODE = YES;
				CLANG_WARN__DUPLICATE_METHOD_MATCH = YES;
				COPY_PHASE_STRIP = NO;
				DEBUG_INFORMATION_FORMAT = "dwarf-with-dsym";
				ENABLE_NS_ASSERTIONS = NO;
				ENABLE_STRICT_OBJC_MSGSEND = YES;
				GCC_C_LANGUAGE_STANDARD = gnu11;
				GCC_NO_COMMON_BLOCKS = YES;
				GCC_WARN_64_TO_32_BIT_CONVERSION = YES;
				GCC_WARN_ABOUT_RETURN_TYPE = YES_ERROR;
				GCC_WARN_UNDECLARED_SELECTOR = YES;
				GCC_WARN_UNINITIALIZED_AUTOS = YES_AGGRESSIVE;
				GCC_WARN_UNUSED_FUNCTION = YES;
				GCC_WARN_UNUSED_VARIABLE = YES;
				IPHONEOS_DEPLOYMENT_TARGET = 13.6;
				MTL_ENABLE_DEBUG_INFO = NO;
				MTL_FAST_MATH = YES;
				SDKROOT = iphoneos;
				SWIFT_COMPILATION_MODE = wholemodule;
				SWIFT_OPTIMIZATION_LEVEL = "-O";
				VALIDATE_PRODUCT = YES;
			};
			name = Release;
		};
		5E1F48FC24FF42BE009A42FF /* Debug */ = {
			isa = XCBuildConfiguration;
			buildSettings = {
				ASSETCATALOG_COMPILER_APPICON_NAME = AppIcon;
				CODE_SIGN_STYLE = Automatic;
				DEVELOPMENT_TEAM = H627294WQZ;
				INFOPLIST_FILE = ZombieConga/Info.plist;
				LD_RUNPATH_SEARCH_PATHS = (
					"$(inherited)",
					"@executable_path/Frameworks",
				);
				PRODUCT_BUNDLE_IDENTIFIER = com.CodyMorley.ZombieConga;
				PRODUCT_NAME = "$(TARGET_NAME)";
				SWIFT_VERSION = 5.0;
				TARGETED_DEVICE_FAMILY = "1,2";
			};
			name = Debug;
		};
		5E1F48FD24FF42BE009A42FF /* Release */ = {
			isa = XCBuildConfiguration;
			buildSettings = {
				ASSETCATALOG_COMPILER_APPICON_NAME = AppIcon;
				CODE_SIGN_STYLE = Automatic;
				DEVELOPMENT_TEAM = H627294WQZ;
				INFOPLIST_FILE = ZombieConga/Info.plist;
				LD_RUNPATH_SEARCH_PATHS = (
					"$(inherited)",
					"@executable_path/Frameworks",
				);
				PRODUCT_BUNDLE_IDENTIFIER = com.CodyMorley.ZombieConga;
				PRODUCT_NAME = "$(TARGET_NAME)";
				SWIFT_VERSION = 5.0;
				TARGETED_DEVICE_FAMILY = "1,2";
			};
			name = Release;
		};
/* End XCBuildConfiguration section */

/* Begin XCConfigurationList section */
		5E1F48DE24FF42B6009A42FF /* Build configuration list for PBXProject "ZombieConga" */ = {
			isa = XCConfigurationList;
			buildConfigurations = (
				5E1F48F924FF42BE009A42FF /* Debug */,
				5E1F48FA24FF42BE009A42FF /* Release */,
			);
			defaultConfigurationIsVisible = 0;
			defaultConfigurationName = Release;
		};
		5E1F48FB24FF42BE009A42FF /* Build configuration list for PBXNativeTarget "ZombieConga" */ = {
			isa = XCConfigurationList;
			buildConfigurations = (
				5E1F48FC24FF42BE009A42FF /* Debug */,
				5E1F48FD24FF42BE009A42FF /* Release */,
			);
			defaultConfigurationIsVisible = 0;
			defaultConfigurationName = Release;
		};
/* End XCConfigurationList section */
	};
	rootObject = 5E1F48DB24FF42B6009A42FF /* Project object */;
}
